// !$*UTF8*$!
{
	archiveVersion = 1;
	classes = {
	};
	objectVersion = 46;
	objects = {

/* Begin PBXBuildFile section */
		342338BA169E39EA008C3A20 /* UIKit.framework in Frameworks */ = {isa = PBXBuildFile; fileRef = 342338B9169E39EA008C3A20 /* UIKit.framework */; };
		342338BC169E39EA008C3A20 /* Foundation.framework in Frameworks */ = {isa = PBXBuildFile; fileRef = 342338BB169E39EA008C3A20 /* Foundation.framework */; };
		342338BE169E39EA008C3A20 /* CoreGraphics.framework in Frameworks */ = {isa = PBXBuildFile; fileRef = 342338BD169E39EA008C3A20 /* CoreGraphics.framework */; };
		342338C4169E39EA008C3A20 /* InfoPlist.strings in Resources */ = {isa = PBXBuildFile; fileRef = 342338C2169E39EA008C3A20 /* InfoPlist.strings */; };
		342338C6169E39EA008C3A20 /* main.m in Sources */ = {isa = PBXBuildFile; fileRef = 342338C5169E39EA008C3A20 /* main.m */; };
		342338CA169E39EA008C3A20 /* MSAppDelegate.m in Sources */ = {isa = PBXBuildFile; fileRef = 342338C9169E39EA008C3A20 /* MSAppDelegate.m */; };
		342338CC169E39EA008C3A20 /* Default.png in Resources */ = {isa = PBXBuildFile; fileRef = 342338CB169E39EA008C3A20 /* Default.png */; };
		342338CE169E39EA008C3A20 /* Default@2x.png in Resources */ = {isa = PBXBuildFile; fileRef = 342338CD169E39EA008C3A20 /* Default@2x.png */; };
		342338D0169E39EA008C3A20 /* Default-568h@2x.png in Resources */ = {isa = PBXBuildFile; fileRef = 342338CF169E39EA008C3A20 /* Default-568h@2x.png */; };
		342338E1169E39F9008C3A20 /* MSSimpleGauge.m in Sources */ = {isa = PBXBuildFile; fileRef = 342338E0169E39F9008C3A20 /* MSSimpleGauge.m */; };
		342338E4169F001B008C3A20 /* MSNeedleView.m in Sources */ = {isa = PBXBuildFile; fileRef = 342338E3169F001B008C3A20 /* MSNeedleView.m */; };
		342338EE169F2A22008C3A20 /* QuartzCore.framework in Frameworks */ = {isa = PBXBuildFile; fileRef = 342338ED169F2A22008C3A20 /* QuartzCore.framework */; };
		342338F516A312D4008C3A20 /* MSArcLayer.m in Sources */ = {isa = PBXBuildFile; fileRef = 342338F416A312D4008C3A20 /* MSArcLayer.m */; };
		3423391116A5A18C008C3A20 /* MSGradientArcLayer.m in Sources */ = {isa = PBXBuildFile; fileRef = 3423391016A5A18C008C3A20 /* MSGradientArcLayer.m */; };
		3470E0D9177345A500772821 /* iPhone.storyboard in Resources */ = {isa = PBXBuildFile; fileRef = 3470E0D8177345A500772821 /* iPhone.storyboard */; };
		3470E0DD17734FC900772821 /* MSSimpleGaugeViewController.m in Sources */ = {isa = PBXBuildFile; fileRef = 3470E0DC17734FC900772821 /* MSSimpleGaugeViewController.m */; };
		3470E0E017734FD900772821 /* MSRangeGaugeViewController.m in Sources */ = {isa = PBXBuildFile; fileRef = 3470E0DF17734FD900772821 /* MSRangeGaugeViewController.m */; };
		3470E0E317734FE500772821 /* MSAnnotatedGaugeViewController.m in Sources */ = {isa = PBXBuildFile; fileRef = 3470E0E217734FE500772821 /* MSAnnotatedGaugeViewController.m */; };
		3470E0E81774DE7900772821 /* MSGaugeViewController.m in Sources */ = {isa = PBXBuildFile; fileRef = 3470E0E71774DE7800772821 /* MSGaugeViewController.m */; };
		3470E0EC1774E6B900772821 /* annotated.png in Resources */ = {isa = PBXBuildFile; fileRef = 3470E0E91774E6B900772821 /* annotated.png */; };
		3470E0ED1774E6B900772821 /* range.png in Resources */ = {isa = PBXBuildFile; fileRef = 3470E0EA1774E6B900772821 /* range.png */; };
		3470E0EE1774E6B900772821 /* simple.png in Resources */ = {isa = PBXBuildFile; fileRef = 3470E0EB1774E6B900772821 /* simple.png */; };
		347CB51C1775EFB2009F5D52 /* LICENSE.txt in Resources */ = {isa = PBXBuildFile; fileRef = 347CB51A1775EFB2009F5D52 /* LICENSE.txt */; };
		347CB51D1775EFB2009F5D52 /* README.md in Resources */ = {isa = PBXBuildFile; fileRef = 347CB51B1775EFB2009F5D52 /* README.md */; };
		34BED3ED16AD81DD00034301 /* MSRangeGauge.m in Sources */ = {isa = PBXBuildFile; fileRef = 34BED3EC16AD81DD00034301 /* MSRangeGauge.m */; };
		34E83E6E16B95D600041F046 /* MSAnnotatedGauge.m in Sources */ = {isa = PBXBuildFile; fileRef = 34E83E6D16B95D600041F046 /* MSAnnotatedGauge.m */; };
		4BB87D95178D2227002B7980 /* tab_bar_icon_annotated.png in Resources */ = {isa = PBXBuildFile; fileRef = 4BB87D93178D2227002B7980 /* tab_bar_icon_annotated.png */; };
		4BB87D96178D2227002B7980 /* tab_bar_icon_annotated@2x.png in Resources */ = {isa = PBXBuildFile; fileRef = 4BB87D94178D2227002B7980 /* tab_bar_icon_annotated@2x.png */; };
		4BB87D9B178D24A2002B7980 /* tab_bar_icon_range.png in Resources */ = {isa = PBXBuildFile; fileRef = 4BB87D97178D24A1002B7980 /* tab_bar_icon_range.png */; };
		4BB87D9C178D24A2002B7980 /* tab_bar_icon_range@2x.png in Resources */ = {isa = PBXBuildFile; fileRef = 4BB87D98178D24A1002B7980 /* tab_bar_icon_range@2x.png */; };
		4BB87D9D178D24A2002B7980 /* tab_bar_icon_simple.png in Resources */ = {isa = PBXBuildFile; fileRef = 4BB87D99178D24A1002B7980 /* tab_bar_icon_simple.png */; };
		4BB87D9E178D24A2002B7980 /* tab_bar_icon_simple@2x.png in Resources */ = {isa = PBXBuildFile; fileRef = 4BB87D9A178D24A2002B7980 /* tab_bar_icon_simple@2x.png */; };
/* End PBXBuildFile section */

/* Begin PBXFileReference section */
		342338B5169E39EA008C3A20 /* MSSimpleGauge.app */ = {isa = PBXFileReference; explicitFileType = wrapper.application; includeInIndex = 0; path = MSSimpleGauge.app; sourceTree = BUILT_PRODUCTS_DIR; };
		342338B9169E39EA008C3A20 /* UIKit.framework */ = {isa = PBXFileReference; lastKnownFileType = wrapper.framework; name = UIKit.framework; path = System/Library/Frameworks/UIKit.framework; sourceTree = SDKROOT; };
		342338BB169E39EA008C3A20 /* Foundation.framework */ = {isa = PBXFileReference; lastKnownFileType = wrapper.framework; name = Foundation.framework; path = System/Library/Frameworks/Foundation.framework; sourceTree = SDKROOT; };
		342338BD169E39EA008C3A20 /* CoreGraphics.framework */ = {isa = PBXFileReference; lastKnownFileType = wrapper.framework; name = CoreGraphics.framework; path = System/Library/Frameworks/CoreGraphics.framework; sourceTree = SDKROOT; };
		342338C1169E39EA008C3A20 /* MSSimpleGauge-Info.plist */ = {isa = PBXFileReference; lastKnownFileType = text.plist.xml; path = "MSSimpleGauge-Info.plist"; sourceTree = "<group>"; };
		342338C3169E39EA008C3A20 /* en */ = {isa = PBXFileReference; lastKnownFileType = text.plist.strings; name = en; path = en.lproj/InfoPlist.strings; sourceTree = "<group>"; };
		342338C5169E39EA008C3A20 /* main.m */ = {isa = PBXFileReference; lastKnownFileType = sourcecode.c.objc; path = main.m; sourceTree = "<group>"; };
		342338C7169E39EA008C3A20 /* MSSimpleGauge-Prefix.pch */ = {isa = PBXFileReference; lastKnownFileType = sourcecode.c.h; path = "MSSimpleGauge-Prefix.pch"; sourceTree = "<group>"; };
		342338C8169E39EA008C3A20 /* MSAppDelegate.h */ = {isa = PBXFileReference; lastKnownFileType = sourcecode.c.h; path = MSAppDelegate.h; sourceTree = "<group>"; };
		342338C9169E39EA008C3A20 /* MSAppDelegate.m */ = {isa = PBXFileReference; lastKnownFileType = sourcecode.c.objc; path = MSAppDelegate.m; sourceTree = "<group>"; };
		342338CB169E39EA008C3A20 /* Default.png */ = {isa = PBXFileReference; lastKnownFileType = image.png; path = Default.png; sourceTree = "<group>"; };
		342338CD169E39EA008C3A20 /* Default@2x.png */ = {isa = PBXFileReference; lastKnownFileType = image.png; path = "Default@2x.png"; sourceTree = "<group>"; };
		342338CF169E39EA008C3A20 /* Default-568h@2x.png */ = {isa = PBXFileReference; lastKnownFileType = image.png; path = "Default-568h@2x.png"; sourceTree = "<group>"; };
		342338DF169E39F9008C3A20 /* MSSimpleGauge.h */ = {isa = PBXFileReference; fileEncoding = 4; lastKnownFileType = sourcecode.c.h; name = MSSimpleGauge.h; path = Gauges/MSSimpleGauge.h; sourceTree = "<group>"; };
		342338E0169E39F9008C3A20 /* MSSimpleGauge.m */ = {isa = PBXFileReference; fileEncoding = 4; lastKnownFileType = sourcecode.c.objc; name = MSSimpleGauge.m; path = Gauges/MSSimpleGauge.m; sourceTree = "<group>"; };
		342338E2169F001B008C3A20 /* MSNeedleView.h */ = {isa = PBXFileReference; fileEncoding = 4; lastKnownFileType = sourcecode.c.h; name = MSNeedleView.h; path = Gauges/MSNeedleView.h; sourceTree = "<group>"; };
		342338E3169F001B008C3A20 /* MSNeedleView.m */ = {isa = PBXFileReference; fileEncoding = 4; lastKnownFileType = sourcecode.c.objc; name = MSNeedleView.m; path = Gauges/MSNeedleView.m; sourceTree = "<group>"; };
		342338ED169F2A22008C3A20 /* QuartzCore.framework */ = {isa = PBXFileReference; lastKnownFileType = wrapper.framework; name = QuartzCore.framework; path = System/Library/Frameworks/QuartzCore.framework; sourceTree = SDKROOT; };
		342338F316A312D4008C3A20 /* MSArcLayer.h */ = {isa = PBXFileReference; fileEncoding = 4; lastKnownFileType = sourcecode.c.h; name = MSArcLayer.h; path = Gauges/MSArcLayer.h; sourceTree = "<group>"; };
		342338F416A312D4008C3A20 /* MSArcLayer.m */ = {isa = PBXFileReference; fileEncoding = 4; lastKnownFileType = sourcecode.c.objc; name = MSArcLayer.m; path = Gauges/MSArcLayer.m; sourceTree = "<group>"; };
		3423390F16A5A18C008C3A20 /* MSGradientArcLayer.h */ = {isa = PBXFileReference; fileEncoding = 4; lastKnownFileType = sourcecode.c.h; name = MSGradientArcLayer.h; path = Gauges/MSGradientArcLayer.h; sourceTree = "<group>"; };
		3423391016A5A18C008C3A20 /* MSGradientArcLayer.m */ = {isa = PBXFileReference; fileEncoding = 4; lastKnownFileType = sourcecode.c.objc; name = MSGradientArcLayer.m; path = Gauges/MSGradientArcLayer.m; sourceTree = "<group>"; };
		3423391416A5A1BF008C3A20 /* MSArcLayerSubclass.h */ = {isa = PBXFileReference; lastKnownFileType = sourcecode.c.h; name = MSArcLayerSubclass.h; path = Gauges/MSArcLayerSubclass.h; sourceTree = "<group>"; };
		3470E0D8177345A500772821 /* iPhone.storyboard */ = {isa = PBXFileReference; fileEncoding = 4; lastKnownFileType = file.storyboard; name = iPhone.storyboard; path = DemoViewControllers/iPhone.storyboard; sourceTree = "<group>"; };
		3470E0DB17734FC900772821 /* MSSimpleGaugeViewController.h */ = {isa = PBXFileReference; fileEncoding = 4; lastKnownFileType = sourcecode.c.h; name = MSSimpleGaugeViewController.h; path = DemoViewControllers/MSSimpleGaugeViewController.h; sourceTree = "<group>"; };
		3470E0DC17734FC900772821 /* MSSimpleGaugeViewController.m */ = {isa = PBXFileReference; fileEncoding = 4; lastKnownFileType = sourcecode.c.objc; name = MSSimpleGaugeViewController.m; path = DemoViewControllers/MSSimpleGaugeViewController.m; sourceTree = "<group>"; };
		3470E0DE17734FD900772821 /* MSRangeGaugeViewController.h */ = {isa = PBXFileReference; fileEncoding = 4; lastKnownFileType = sourcecode.c.h; name = MSRangeGaugeViewController.h; path = DemoViewControllers/MSRangeGaugeViewController.h; sourceTree = "<group>"; };
		3470E0DF17734FD900772821 /* MSRangeGaugeViewController.m */ = {isa = PBXFileReference; fileEncoding = 4; lastKnownFileType = sourcecode.c.objc; name = MSRangeGaugeViewController.m; path = DemoViewControllers/MSRangeGaugeViewController.m; sourceTree = "<group>"; };
		3470E0E117734FE500772821 /* MSAnnotatedGaugeViewController.h */ = {isa = PBXFileReference; fileEncoding = 4; lastKnownFileType = sourcecode.c.h; name = MSAnnotatedGaugeViewController.h; path = DemoViewControllers/MSAnnotatedGaugeViewController.h; sourceTree = "<group>"; };
		3470E0E217734FE500772821 /* MSAnnotatedGaugeViewController.m */ = {isa = PBXFileReference; fileEncoding = 4; lastKnownFileType = sourcecode.c.objc; name = MSAnnotatedGaugeViewController.m; path = DemoViewControllers/MSAnnotatedGaugeViewController.m; sourceTree = "<group>"; };
		3470E0E61774DE7800772821 /* MSGaugeViewController.h */ = {isa = PBXFileReference; fileEncoding = 4; lastKnownFileType = sourcecode.c.h; name = MSGaugeViewController.h; path = DemoViewControllers/MSGaugeViewController.h; sourceTree = "<group>"; };
		3470E0E71774DE7800772821 /* MSGaugeViewController.m */ = {isa = PBXFileReference; fileEncoding = 4; lastKnownFileType = sourcecode.c.objc; name = MSGaugeViewController.m; path = DemoViewControllers/MSGaugeViewController.m; sourceTree = "<group>"; };
		3470E0E91774E6B900772821 /* annotated.png */ = {isa = PBXFileReference; lastKnownFileType = image.png; path = annotated.png; sourceTree = "<group>"; };
		3470E0EA1774E6B900772821 /* range.png */ = {isa = PBXFileReference; lastKnownFileType = image.png; path = range.png; sourceTree = "<group>"; };
		3470E0EB1774E6B900772821 /* simple.png */ = {isa = PBXFileReference; lastKnownFileType = image.png; path = simple.png; sourceTree = "<group>"; };
		347CB51A1775EFB2009F5D52 /* LICENSE.txt */ = {isa = PBXFileReference; fileEncoding = 4; lastKnownFileType = text; path = LICENSE.txt; sourceTree = "<group>"; };
		347CB51B1775EFB2009F5D52 /* README.md */ = {isa = PBXFileReference; fileEncoding = 4; lastKnownFileType = text; path = README.md; sourceTree = "<group>"; };
		34BED3EB16AD81DD00034301 /* MSRangeGauge.h */ = {isa = PBXFileReference; fileEncoding = 4; lastKnownFileType = sourcecode.c.h; name = MSRangeGauge.h; path = Gauges/MSRangeGauge.h; sourceTree = "<group>"; };
		34BED3EC16AD81DD00034301 /* MSRangeGauge.m */ = {isa = PBXFileReference; fileEncoding = 4; lastKnownFileType = sourcecode.c.objc; name = MSRangeGauge.m; path = Gauges/MSRangeGauge.m; sourceTree = "<group>"; };
		34BED3EF16AD824D00034301 /* MSSimpleGaugeSubclass.h */ = {isa = PBXFileReference; fileEncoding = 4; lastKnownFileType = sourcecode.c.h; name = MSSimpleGaugeSubclass.h; path = Gauges/MSSimpleGaugeSubclass.h; sourceTree = "<group>"; };
		34E83E6C16B95D600041F046 /* MSAnnotatedGauge.h */ = {isa = PBXFileReference; fileEncoding = 4; lastKnownFileType = sourcecode.c.h; name = MSAnnotatedGauge.h; path = Gauges/MSAnnotatedGauge.h; sourceTree = "<group>"; };
		34E83E6D16B95D600041F046 /* MSAnnotatedGauge.m */ = {isa = PBXFileReference; fileEncoding = 4; lastKnownFileType = sourcecode.c.objc; name = MSAnnotatedGauge.m; path = Gauges/MSAnnotatedGauge.m; sourceTree = "<group>"; };
		4BB87D93178D2227002B7980 /* tab_bar_icon_annotated.png */ = {isa = PBXFileReference; lastKnownFileType = image.png; path = tab_bar_icon_annotated.png; sourceTree = "<group>"; };
		4BB87D94178D2227002B7980 /* tab_bar_icon_annotated@2x.png */ = {isa = PBXFileReference; lastKnownFileType = image.png; path = "tab_bar_icon_annotated@2x.png"; sourceTree = "<group>"; };
		4BB87D97178D24A1002B7980 /* tab_bar_icon_range.png */ = {isa = PBXFileReference; lastKnownFileType = image.png; path = tab_bar_icon_range.png; sourceTree = "<group>"; };
		4BB87D98178D24A1002B7980 /* tab_bar_icon_range@2x.png */ = {isa = PBXFileReference; lastKnownFileType = image.png; path = "tab_bar_icon_range@2x.png"; sourceTree = "<group>"; };
		4BB87D99178D24A1002B7980 /* tab_bar_icon_simple.png */ = {isa = PBXFileReference; lastKnownFileType = image.png; path = tab_bar_icon_simple.png; sourceTree = "<group>"; };
		4BB87D9A178D24A2002B7980 /* tab_bar_icon_simple@2x.png */ = {isa = PBXFileReference; lastKnownFileType = image.png; path = "tab_bar_icon_simple@2x.png"; sourceTree = "<group>"; };
/* End PBXFileReference section */

/* Begin PBXFrameworksBuildPhase section */
		342338B2169E39EA008C3A20 /* Frameworks */ = {
			isa = PBXFrameworksBuildPhase;
			buildActionMask = 2147483647;
			files = (
				342338EE169F2A22008C3A20 /* QuartzCore.framework in Frameworks */,
				342338BA169E39EA008C3A20 /* UIKit.framework in Frameworks */,
				342338BC169E39EA008C3A20 /* Foundation.framework in Frameworks */,
				342338BE169E39EA008C3A20 /* CoreGraphics.framework in Frameworks */,
			);
			runOnlyForDeploymentPostprocessing = 0;
		};
/* End PBXFrameworksBuildPhase section */

/* Begin PBXGroup section */
		342338AA169E39EA008C3A20 = {
			isa = PBXGroup;
			children = (
				347CB51A1775EFB2009F5D52 /* LICENSE.txt */,
				347CB51B1775EFB2009F5D52 /* README.md */,
				342338BF169E39EA008C3A20 /* MSSimpleGauge */,
				342338B8169E39EA008C3A20 /* Frameworks */,
				342338B6169E39EA008C3A20 /* Products */,
			);
			sourceTree = "<group>";
		};
		342338B6169E39EA008C3A20 /* Products */ = {
			isa = PBXGroup;
			children = (
				342338B5169E39EA008C3A20 /* MSSimpleGauge.app */,
			);
			name = Products;
			sourceTree = "<group>";
		};
		342338B8169E39EA008C3A20 /* Frameworks */ = {
			isa = PBXGroup;
			children = (
				342338ED169F2A22008C3A20 /* QuartzCore.framework */,
				342338B9169E39EA008C3A20 /* UIKit.framework */,
				342338BB169E39EA008C3A20 /* Foundation.framework */,
				342338BD169E39EA008C3A20 /* CoreGraphics.framework */,
			);
			name = Frameworks;
			sourceTree = "<group>";
		};
		342338BF169E39EA008C3A20 /* MSSimpleGauge */ = {
			isa = PBXGroup;
			children = (
				342338C8169E39EA008C3A20 /* MSAppDelegate.h */,
				342338C9169E39EA008C3A20 /* MSAppDelegate.m */,
				3470E0DA17734FA900772821 /* DemoViewControllers */,
				3470E0E41773538600772821 /* Gauges */,
				342338C0169E39EA008C3A20 /* Supporting Files */,
			);
			name = MSSimpleGauge;
			path = SimpleGauge;
			sourceTree = "<group>";
		};
		342338C0169E39EA008C3A20 /* Supporting Files */ = {
			isa = PBXGroup;
			children = (
				3470E0F01774E6C600772821 /* images */,
				342338C1169E39EA008C3A20 /* MSSimpleGauge-Info.plist */,
				342338C2169E39EA008C3A20 /* InfoPlist.strings */,
				342338C5169E39EA008C3A20 /* main.m */,
				342338C7169E39EA008C3A20 /* MSSimpleGauge-Prefix.pch */,
				342338CB169E39EA008C3A20 /* Default.png */,
				342338CD169E39EA008C3A20 /* Default@2x.png */,
				342338CF169E39EA008C3A20 /* Default-568h@2x.png */,
				4BB87D97178D24A1002B7980 /* tab_bar_icon_range.png */,
				4BB87D98178D24A1002B7980 /* tab_bar_icon_range@2x.png */,
				4BB87D99178D24A1002B7980 /* tab_bar_icon_simple.png */,
				4BB87D9A178D24A2002B7980 /* tab_bar_icon_simple@2x.png */,
				4BB87D93178D2227002B7980 /* tab_bar_icon_annotated.png */,
				4BB87D94178D2227002B7980 /* tab_bar_icon_annotated@2x.png */,
			);
			name = "Supporting Files";
			sourceTree = "<group>";
		};
		3423391316A5A194008C3A20 /* Arc Layers */ = {
			isa = PBXGroup;
			children = (
				342338F316A312D4008C3A20 /* MSArcLayer.h */,
				342338F416A312D4008C3A20 /* MSArcLayer.m */,
				3423391416A5A1BF008C3A20 /* MSArcLayerSubclass.h */,
				3423390F16A5A18C008C3A20 /* MSGradientArcLayer.h */,
				3423391016A5A18C008C3A20 /* MSGradientArcLayer.m */,
			);
			name = "Arc Layers";
			sourceTree = "<group>";
		};
		3470E0DA17734FA900772821 /* DemoViewControllers */ = {
			isa = PBXGroup;
			children = (
				3470E0E61774DE7800772821 /* MSGaugeViewController.h */,
				3470E0E71774DE7800772821 /* MSGaugeViewController.m */,
				3470E0DB17734FC900772821 /* MSSimpleGaugeViewController.h */,
				3470E0DC17734FC900772821 /* MSSimpleGaugeViewController.m */,
				3470E0DE17734FD900772821 /* MSRangeGaugeViewController.h */,
				3470E0DF17734FD900772821 /* MSRangeGaugeViewController.m */,
				3470E0E117734FE500772821 /* MSAnnotatedGaugeViewController.h */,
				3470E0E217734FE500772821 /* MSAnnotatedGaugeViewController.m */,
				3470E0D8177345A500772821 /* iPhone.storyboard */,
			);
			name = DemoViewControllers;
			sourceTree = "<group>";
		};
		3470E0E41773538600772821 /* Gauges */ = {
			isa = PBXGroup;
			children = (
				3470E0E51773539900772821 /* Support Classes */,
				34BED3EF16AD824D00034301 /* MSSimpleGaugeSubclass.h */,
				342338DF169E39F9008C3A20 /* MSSimpleGauge.h */,
				342338E0169E39F9008C3A20 /* MSSimpleGauge.m */,
				34BED3EB16AD81DD00034301 /* MSRangeGauge.h */,
				34BED3EC16AD81DD00034301 /* MSRangeGauge.m */,
				34E83E6C16B95D600041F046 /* MSAnnotatedGauge.h */,
				34E83E6D16B95D600041F046 /* MSAnnotatedGauge.m */,
			);
			name = Gauges;
			sourceTree = "<group>";
		};
		3470E0E51773539900772821 /* Support Classes */ = {
			isa = PBXGroup;
			children = (
				3423391316A5A194008C3A20 /* Arc Layers */,
				342338E2169F001B008C3A20 /* MSNeedleView.h */,
				342338E3169F001B008C3A20 /* MSNeedleView.m */,
			);
			name = "Support Classes";
			sourceTree = "<group>";
		};
		3470E0F01774E6C600772821 /* images */ = {
			isa = PBXGroup;
			children = (
				3470E0E91774E6B900772821 /* annotated.png */,
				3470E0EA1774E6B900772821 /* range.png */,
				3470E0EB1774E6B900772821 /* simple.png */,
			);
			name = images;
			sourceTree = "<group>";
		};
/* End PBXGroup section */

/* Begin PBXNativeTarget section */
		342338B4169E39EA008C3A20 /* MSSimpleGauge */ = {
			isa = PBXNativeTarget;
			buildConfigurationList = 342338DC169E39EA008C3A20 /* Build configuration list for PBXNativeTarget "MSSimpleGauge" */;
			buildPhases = (
				342338B1169E39EA008C3A20 /* Sources */,
				342338B2169E39EA008C3A20 /* Frameworks */,
				342338B3169E39EA008C3A20 /* Resources */,
			);
			buildRules = (
			);
			dependencies = (
			);
			name = MSSimpleGauge;
			productName = SimpleGauge;
			productReference = 342338B5169E39EA008C3A20 /* MSSimpleGauge.app */;
			productType = "com.apple.product-type.application";
		};
/* End PBXNativeTarget section */

/* Begin PBXProject section */
		342338AC169E39EA008C3A20 /* Project object */ = {
			isa = PBXProject;
			attributes = {
				CLASSPREFIX = PB;
				LastUpgradeCheck = 0450;
				ORGANIZATIONNAME = ParallelBoxes;
			};
			buildConfigurationList = 342338AF169E39EA008C3A20 /* Build configuration list for PBXProject "MSSimpleGauge" */;
			compatibilityVersion = "Xcode 3.2";
			developmentRegion = English;
			hasScannedForEncodings = 0;
			knownRegions = (
				en,
			);
			mainGroup = 342338AA169E39EA008C3A20;
			productRefGroup = 342338B6169E39EA008C3A20 /* Products */;
			projectDirPath = "";
			projectRoot = "";
			targets = (
				342338B4169E39EA008C3A20 /* MSSimpleGauge */,
			);
		};
/* End PBXProject section */

/* Begin PBXResourcesBuildPhase section */
		342338B3169E39EA008C3A20 /* Resources */ = {
			isa = PBXResourcesBuildPhase;
			buildActionMask = 2147483647;
			files = (
				342338C4169E39EA008C3A20 /* InfoPlist.strings in Resources */,
				342338CC169E39EA008C3A20 /* Default.png in Resources */,
				342338CE169E39EA008C3A20 /* Default@2x.png in Resources */,
				342338D0169E39EA008C3A20 /* Default-568h@2x.png in Resources */,
				3470E0D9177345A500772821 /* iPhone.storyboard in Resources */,
				3470E0EC1774E6B900772821 /* annotated.png in Resources */,
				3470E0ED1774E6B900772821 /* range.png in Resources */,
				3470E0EE1774E6B900772821 /* simple.png in Resources */,
				347CB51C1775EFB2009F5D52 /* LICENSE.txt in Resources */,
				347CB51D1775EFB2009F5D52 /* README.md in Resources */,
				4BB87D95178D2227002B7980 /* tab_bar_icon_annotated.png in Resources */,
				4BB87D96178D2227002B7980 /* tab_bar_icon_annotated@2x.png in Resources */,
				4BB87D9B178D24A2002B7980 /* tab_bar_icon_range.png in Resources */,
				4BB87D9C178D24A2002B7980 /* tab_bar_icon_range@2x.png in Resources */,
				4BB87D9D178D24A2002B7980 /* tab_bar_icon_simple.png in Resources */,
				4BB87D9E178D24A2002B7980 /* tab_bar_icon_simple@2x.png in Resources */,
			);
			runOnlyForDeploymentPostprocessing = 0;
		};
/* End PBXResourcesBuildPhase section */

/* Begin PBXSourcesBuildPhase section */
		342338B1169E39EA008C3A20 /* Sources */ = {
			isa = PBXSourcesBuildPhase;
			buildActionMask = 2147483647;
			files = (
				342338C6169E39EA008C3A20 /* main.m in Sources */,
				342338CA169E39EA008C3A20 /* MSAppDelegate.m in Sources */,
				342338E1169E39F9008C3A20 /* MSSimpleGauge.m in Sources */,
				342338E4169F001B008C3A20 /* MSNeedleView.m in Sources */,
				342338F516A312D4008C3A20 /* MSArcLayer.m in Sources */,
				3423391116A5A18C008C3A20 /* MSGradientArcLayer.m in Sources */,
				34BED3ED16AD81DD00034301 /* MSRangeGauge.m in Sources */,
				34E83E6E16B95D600041F046 /* MSAnnotatedGauge.m in Sources */,
				3470E0DD17734FC900772821 /* MSSimpleGaugeViewController.m in Sources */,
				3470E0E017734FD900772821 /* MSRangeGaugeViewController.m in Sources */,
				3470E0E317734FE500772821 /* MSAnnotatedGaugeViewController.m in Sources */,
				3470E0E81774DE7900772821 /* MSGaugeViewController.m in Sources */,
			);
			runOnlyForDeploymentPostprocessing = 0;
		};
/* End PBXSourcesBuildPhase section */

/* Begin PBXVariantGroup section */
		342338C2169E39EA008C3A20 /* InfoPlist.strings */ = {
			isa = PBXVariantGroup;
			children = (
				342338C3169E39EA008C3A20 /* en */,
			);
			name = InfoPlist.strings;
			sourceTree = "<group>";
		};
/* End PBXVariantGroup section */

/* Begin XCBuildConfiguration section */
		342338DA169E39EA008C3A20 /* Debug */ = {
			isa = XCBuildConfiguration;
			buildSettings = {
				ALWAYS_SEARCH_USER_PATHS = NO;
				CLANG_CXX_LANGUAGE_STANDARD = "gnu++0x";
				CLANG_CXX_LIBRARY = "libc++";
				CLANG_ENABLE_OBJC_ARC = YES;
				CLANG_WARN_EMPTY_BODY = YES;
				CLANG_WARN__DUPLICATE_METHOD_MATCH = YES;
				"CODE_SIGN_IDENTITY[sdk=iphoneos*]" = "iPhone Developer";
				COPY_PHASE_STRIP = NO;
				GCC_C_LANGUAGE_STANDARD = gnu99;
				GCC_DYNAMIC_NO_PIC = NO;
				GCC_OPTIMIZATION_LEVEL = 0;
				GCC_PREPROCESSOR_DEFINITIONS = (
					"DEBUG=1",
					"$(inherited)",
				);
				GCC_SYMBOLS_PRIVATE_EXTERN = NO;
				GCC_WARN_ABOUT_RETURN_TYPE = YES;
				GCC_WARN_UNINITIALIZED_AUTOS = YES;
				GCC_WARN_UNUSED_VARIABLE = YES;
				IPHONEOS_DEPLOYMENT_TARGET = 6.0;
				ONLY_ACTIVE_ARCH = YES;
				SDKROOT = iphoneos;
				TARGETED_DEVICE_FAMILY = "1,2";
			};
			name = Debug;
		};
		342338DB169E39EA008C3A20 /* Release */ = {
			isa = XCBuildConfiguration;
			buildSettings = {
				ALWAYS_SEARCH_USER_PATHS = NO;
				CLANG_CXX_LANGUAGE_STANDARD = "gnu++0x";
				CLANG_CXX_LIBRARY = "libc++";
				CLANG_ENABLE_OBJC_ARC = YES;
				CLANG_WARN_EMPTY_BODY = YES;
				CLANG_WARN__DUPLICATE_METHOD_MATCH = YES;
				"CODE_SIGN_IDENTITY[sdk=iphoneos*]" = "iPhone Developer";
				COPY_PHASE_STRIP = YES;
				GCC_C_LANGUAGE_STANDARD = gnu99;
				GCC_WARN_ABOUT_RETURN_TYPE = YES;
				GCC_WARN_UNINITIALIZED_AUTOS = YES;
				GCC_WARN_UNUSED_VARIABLE = YES;
				IPHONEOS_DEPLOYMENT_TARGET = 6.0;
				OTHER_CFLAGS = "-DNS_BLOCK_ASSERTIONS=1";
				SDKROOT = iphoneos;
				TARGETED_DEVICE_FAMILY = "1,2";
				VALIDATE_PRODUCT = YES;
			};
			name = Release;
		};
		342338DD169E39EA008C3A20 /* Debug */ = {
			isa = XCBuildConfiguration;
			buildSettings = {
				GCC_PRECOMPILE_PREFIX_HEADER = YES;
				GCC_PREFIX_HEADER = "SimpleGauge/MSSimpleGauge-Prefix.pch";
				INFOPLIST_FILE = "SimpleGauge/MSSimpleGauge-Info.plist";
				IPHONEOS_DEPLOYMENT_TARGET = 5.0;
				PRODUCT_NAME = MSSimpleGauge;
				WRAPPER_EXTENSION = app;
			};
			name = Debug;
		};
		342338DE169E39EA008C3A20 /* Release */ = {
			isa = XCBuildConfiguration;
			buildSettings = {
				GCC_PRECOMPILE_PREFIX_HEADER = YES;
				GCC_PREFIX_HEADER = "SimpleGauge/MSSimpleGauge-Prefix.pch";
				INFOPLIST_FILE = "SimpleGauge/MSSimpleGauge-Info.plist";
				IPHONEOS_DEPLOYMENT_TARGET = 5.0;
				PRODUCT_NAME = MSSimpleGauge;
				WRAPPER_EXTENSION = app;
			};
			name = Release;
		};
/* End XCBuildConfiguration section */

/* Begin XCConfigurationList section */
		342338AF169E39EA008C3A20 /* Build configuration list for PBXProject "MSSimpleGauge" */ = {
			isa = XCConfigurationList;
			buildConfigurations = (
				342338DA169E39EA008C3A20 /* Debug */,
				342338DB169E39EA008C3A20 /* Release */,
			);
			defaultConfigurationIsVisible = 0;
			defaultConfigurationName = Release;
		};
		342338DC169E39EA008C3A20 /* Build configuration list for PBXNativeTarget "MSSimpleGauge" */ = {
			isa = XCConfigurationList;
			buildConfigurations = (
				342338DD169E39EA008C3A20 /* Debug */,
				342338DE169E39EA008C3A20 /* Release */,
			);
			defaultConfigurationIsVisible = 0;
			defaultConfigurationName = Release;
		};
/* End XCConfigurationList section */
	};
	rootObject = 342338AC169E39EA008C3A20 /* Project object */;
}
